{
  "name": "london-evacuation-planning-tool",
  "version": "1.0.0",
  "lockfileVersion": 3,
  "requires": true,
  "packages": {
    "": {
      "name": "london-evacuation-planning-tool",
      "version": "1.0.0",
      "license": "MIT",
      "dependencies": {
        "govuk-frontend": "^5.11.2"
      },
      "engines": {
        "node": ">=16.0.0",
        "npm": ">=8.0.0"
      }
    },
    "node_modules/govuk-frontend": {
      "version": "5.11.2",
      "resolved": "https://registry.npmjs.org/govuk-frontend/-/govuk-frontend-5.11.2.tgz",
      "integrity": "sha512-eHV8EMxYNjc+omFhB0HktQ3QmA3ZRdDsgRDlUIik+TpUHerR3XKXpo4zh/OGO2/C2mz65cX0XT0k4QrRFJZU8Q==",
      "license": "MIT",
      "engines": {
        "node": ">= 4.2.0"
      }
    }
  }
}
